
Microsoft Visual Studio Solution File, Format Version 12.00
# Visual Studio Version 16
VisualStudioVersion = 16.0.31702.278
MinimumVisualStudioVersion = 10.0.40219.1
Project("{888888A0-9F3D-457C-B088-3A5042F75D52}") = "SE_I_U1_EQ_3", "SE_I_U1_EQ_3\SE_I_U1_EQ_3.pyproj", "{F298A7BF-2A36-4792-8BC6-71FF23575668}"
EndProject
Global
	GlobalSection(SolutionConfigurationPlatforms) = preSolution
		Debug|Any CPU = Debug|Any CPU
		Release|Any CPU = Release|Any CPU
	EndGlobalSection
	GlobalSection(ProjectConfigurationPlatforms) = postSolution
		{F298A7BF-2A36-4792-8BC6-71FF23575668}.Debug|Any CPU.ActiveCfg = Debug|Any CPU
		{F298A7BF-2A36-4792-8BC6-71FF23575668}.Release|Any CPU.ActiveCfg = Release|Any CPU
	EndGlobalSection
	GlobalSection(SolutionProperties) = preSolution
		HideSolutionNode = FALSE
	EndGlobalSection
	GlobalSection(ExtensibilityGlobals) = postSolution
		SolutionGuid = {A3C7C697-86DE-4BFA-B02A-8DEC27887D72}
	EndGlobalSection
EndGlobal
